# Run ./gradlew writeVersionsLocks to regenerate this file
com.jakewharton.nopen:nopen-annotations:1.0.1 (1 constraints: 0405f135)

[Test dependencies]
net.bytebuddy:byte-buddy:1.14.18 (1 constraints: 850bccea)
org.assertj:assertj-core:3.26.3 (1 constraints: 40054e3b)
org.junit:junit-bom:5.11.0 (5 constraints: 634974b2)
org.junit.jupiter:junit-jupiter-api:5.11.0 (2 constraints: 141a541f)
org.junit.jupiter:junit-jupiter-engine:5.11.0 (2 constraints: 760e6371)
org.junit.platform:junit-platform-commons:1.11.0 (3 constraints: 662a548e)
org.junit.platform:junit-platform-engine:1.11.0 (2 constraints: 0c1a641e)
org.opentest4j:opentest4j:1.3.0 (2 constraints: cf209249)
