# Run ./gradlew writeVersionsLocks to regenerate this file
com.jakewharton.nopen:nopen-annotations:1.0.1 (1 constraints: 0405f135)

[Test dependencies]
net.bytebuddy:byte-buddy:1.15.11 (1 constraints: 7f0bc9ea)
org.assertj:assertj-core:3.27.3 (1 constraints: 4105513b)
org.junit:junit-bom:5.13.3 (7 constraints: db750313)
org.junit.jupiter:junit-jupiter:5.13.3 (2 constraints: 800e0672)
org.junit.jupiter:junit-jupiter-api:5.13.3 (4 constraints: 3f39cae6)
org.junit.jupiter:junit-jupiter-engine:5.13.3 (2 constraints: 7b177a64)
org.junit.jupiter:junit-jupiter-params:5.13.3 (2 constraints: 7b177a64)
org.junit.platform:junit-platform-commons:1.13.3 (3 constraints: 752a4491)
org.junit.platform:junit-platform-engine:1.13.3 (3 constraints: 8d2cc580)
org.junit.platform:junit-platform-launcher:1.13.3 (1 constraints: 3f09a99e)
org.opentest4j:opentest4j:1.3.0 (2 constraints: cf209249)
