# Run ./gradlew --write-locks to regenerate this file
com.jakewharton.nopen:nopen-annotations:1.0.1 (1 constraints: 0405f135)

[Test dependencies]
net.bytebuddy:byte-buddy:1.12.21 (1 constraints: 7d0bbfea)
org.assertj:assertj-core:3.24.2 (1 constraints: 3d05473b)
org.junit:junit-bom:5.10.0-M1 (5 constraints: b54cc757)
org.junit.jupiter:junit-jupiter-api:5.10.0-M1 (2 constraints: 681bc0ad)
org.junit.jupiter:junit-jupiter-engine:5.10.0-M1 (2 constraints: ca0f48c4)
org.junit.platform:junit-platform-commons:1.10.0-M1 (3 constraints: 642cdbdd)
org.junit.platform:junit-platform-engine:1.10.0-M1 (2 constraints: 601bacac)
org.opentest4j:opentest4j:1.2.0 (2 constraints: cd205b49)
